{
  "originHash" : "a700fab6bf0d85e032106cef58ecf74ac0b3a7993b0533cf4e513ae3cc2b2a7d",
  "pins" : [
    {
      "identity" : "capacitor-swift-pm",
      "kind" : "remoteSourceControl",
      "location" : "https://github.com/ionic-team/capacitor-swift-pm.git",
      "state" : {
        "revision" : "992959f0467c781eb6a1637e69d87481238c3672",
        "version" : "8.3.4"
      }
    },
    {
      "identity" : "ion-ios-camera",
      "kind" : "remoteSourceControl",
      "location" : "https://github.com/ionic-team/ion-ios-camera.git",
      "state" : {
        "revision" : "2cd4f06b0ece21b6458e23357280c51f94bfceb8",
        "version" : "1.0.4"
      }
    },
    {
      "identity" : "stripe-ios-spm",
      "kind" : "remoteSourceControl",
      "location" : "https://github.com/stripe/stripe-ios-spm.git",
      "state" : {
        "revision" : "bf87cb248c4a8bd5176acbf9e10e50a010977ac1",
        "version" : "25.9.0"
      }
    }
  ],
  "version" : 3
}
